
Microsoft Visual Studio Solution File, Format Version 12.00
# Visual Studio Version 17
VisualStudioVersion = 17.3.32922.545
MinimumVisualStudioVersion = 10.0.40219.1
Project("{FAE04EC0-301F-11D3-BF4B-00C04F79EFBC}") = "Monogame-Sample", "Monogame-Sample\Monogame-Sample.csproj", "{888FB1D8-45E4-4C18-90C4-85AB5ECD1AD0}"
EndProject
Global
	GlobalSection(SolutionConfigurationPlatforms) = preSolution
		Debug|Any CPU = Debug|Any CPU
		Release|Any CPU = Release|Any CPU
	EndGlobalSection
	GlobalSection(ProjectConfigurationPlatforms) = postSolution
		{888FB1D8-45E4-4C18-90C4-85AB5ECD1AD0}.Debug|Any CPU.ActiveCfg = Debug|Any CPU
		{888FB1D8-45E4-4C18-90C4-85AB5ECD1AD0}.Debug|Any CPU.Build.0 = Debug|Any CPU
		{888FB1D8-45E4-4C18-90C4-85AB5ECD1AD0}.Release|Any CPU.ActiveCfg = Release|Any CPU
		{888FB1D8-45E4-4C18-90C4-85AB5ECD1AD0}.Release|Any CPU.Build.0 = Release|Any CPU
	EndGlobalSection
	GlobalSection(SolutionProperties) = preSolution
		HideSolutionNode = FALSE
	EndGlobalSection
	GlobalSection(ExtensibilityGlobals) = postSolution
		SolutionGuid = {6260B121-CD31-48AB-8D24-C41830BAC46F}
	EndGlobalSection
EndGlobal
